
Microsoft Visual Studio Solution File, Format Version 12.00
# Visual Studio Version 16
VisualStudioVersion = 16.0.31112.23
MinimumVisualStudioVersion = 10.0.40219.1
Project("{9A19103F-16F7-4668-BE54-9A1E7A4F7556}") = "CryptoProjects", "CryptoProjects.csproj", "{58905221-1CBA-43DD-BD72-5F712193BE61}"
EndProject
Project("{9A19103F-16F7-4668-BE54-9A1E7A4F7556}") = "TestsDLLEnter", "..\TestsDLLEnter\TestsDLLEnter.csproj", "{64E614D1-3BE3-4569-AE00-051AF824BED1}"
EndProject
Project("{FAE04EC0-301F-11D3-BF4B-00C04F79EFBC}") = "CryptoParseDLL", "..\CryptoParseDLL\CryptoParseDLL.csproj", "{D69E2E56-D7DC-439B-AA4F-D8E1AA166EF6}"
EndProject
Global
	GlobalSection(SolutionConfigurationPlatforms) = preSolution
		Debug|Any CPU = Debug|Any CPU
		Release|Any CPU = Release|Any CPU
	EndGlobalSection
	GlobalSection(ProjectConfigurationPlatforms) = postSolution
		{58905221-1CBA-43DD-BD72-5F712193BE61}.Debug|Any CPU.ActiveCfg = Debug|Any CPU
		{58905221-1CBA-43DD-BD72-5F712193BE61}.Debug|Any CPU.Build.0 = Debug|Any CPU
		{58905221-1CBA-43DD-BD72-5F712193BE61}.Release|Any CPU.ActiveCfg = Release|Any CPU
		{58905221-1CBA-43DD-BD72-5F712193BE61}.Release|Any CPU.Build.0 = Release|Any CPU
		{64E614D1-3BE3-4569-AE00-051AF824BED1}.Debug|Any CPU.ActiveCfg = Debug|Any CPU
		{64E614D1-3BE3-4569-AE00-051AF824BED1}.Debug|Any CPU.Build.0 = Debug|Any CPU
		{64E614D1-3BE3-4569-AE00-051AF824BED1}.Release|Any CPU.ActiveCfg = Release|Any CPU
		{64E614D1-3BE3-4569-AE00-051AF824BED1}.Release|Any CPU.Build.0 = Release|Any CPU
		{D69E2E56-D7DC-439B-AA4F-D8E1AA166EF6}.Debug|Any CPU.ActiveCfg = Debug|Any CPU
		{D69E2E56-D7DC-439B-AA4F-D8E1AA166EF6}.Debug|Any CPU.Build.0 = Debug|Any CPU
		{D69E2E56-D7DC-439B-AA4F-D8E1AA166EF6}.Release|Any CPU.ActiveCfg = Release|Any CPU
		{D69E2E56-D7DC-439B-AA4F-D8E1AA166EF6}.Release|Any CPU.Build.0 = Release|Any CPU
	EndGlobalSection
	GlobalSection(SolutionProperties) = preSolution
		HideSolutionNode = FALSE
	EndGlobalSection
	GlobalSection(ExtensibilityGlobals) = postSolution
		SolutionGuid = {D15EF1B2-20E9-4AE7-8B81-0337951D51D7}
	EndGlobalSection
EndGlobal
